
Microsoft Visual Studio Solution File, Format Version 12.00
# Visual Studio Version 17
VisualStudioVersion = 17.5.33424.131
MinimumVisualStudioVersion = 10.0.40219.1
Project("{2150E333-8FDC-42A3-9474-1A3956D46DE8}") = "src", "src", "{00E37210-59C4-4EE6-9F3C-F2FEA44FAD03}"
	ProjectSection(SolutionItems) = preProject
		readme.md = readme.md
	EndProjectSection
EndProject
Project("{2150E333-8FDC-42A3-9474-1A3956D46DE8}") = "test", "test", "{21F568FE-F29D-4D72-AA7E-8829393C14CA}"
EndProject
Project("{2150E333-8FDC-42A3-9474-1A3956D46DE8}") = "WebUI", "WebUI", "{345F1C0D-68B8-4187-A9A1-93A7B3F32EBF}"
EndProject
Project("{2150E333-8FDC-42A3-9474-1A3956D46DE8}") = "Domain", "Domain", "{A0EA9A02-4387-4461-9154-491632DDB990}"
EndProject
Project("{2150E333-8FDC-42A3-9474-1A3956D46DE8}") = "API", "API", "{4FC7D13E-0629-4C67-9377-1A8DDCF4E009}"
EndProject
Project("{2150E333-8FDC-42A3-9474-1A3956D46DE8}") = "Application", "Application", "{F9E5E86B-CFDA-4030-B476-23F3E67B8116}"
EndProject
Project("{2150E333-8FDC-42A3-9474-1A3956D46DE8}") = "Infrastructure", "Infrastructure", "{6621E235-E8E3-49A3-AC6F-395EE328D869}"
EndProject
Project("{2150E333-8FDC-42A3-9474-1A3956D46DE8}") = "FoodStuff.Application.IntegrationTests", "FoodStuff.Application.IntegrationTests", "{4C748735-1F2F-4AB3-9C93-ED958F09FD68}"
EndProject
Project("{2150E333-8FDC-42A3-9474-1A3956D46DE8}") = "FoodStuff.Application.UnitTests", "FoodStuff.Application.UnitTests", "{A053FA3D-5FA7-4223-8F1B-637BB4C3460D}"
EndProject
Project("{2150E333-8FDC-42A3-9474-1A3956D46DE8}") = "FoodStuff.Domain.UnitTests", "FoodStuff.Domain.UnitTests", "{E0A96203-4EF9-49AF-848C-A1F39CE7A815}"
EndProject
Project("{9A19103F-16F7-4668-BE54-9A1E7A4F7556}") = "FoodStuff.Domain", "FoodStuff.Domain\FoodStuff.Domain.csproj", "{F2790D80-0222-49A1-A703-3569B98683AE}"
EndProject
Project("{9A19103F-16F7-4668-BE54-9A1E7A4F7556}") = "FoodStuff.WebAPI", "FoodStuff.WebAPI\FoodStuff.WebAPI.csproj", "{8F612154-1436-4560-A4A2-01D5F50AF7FA}"
EndProject
Project("{9A19103F-16F7-4668-BE54-9A1E7A4F7556}") = "FoodStuff.DAL", "FoodStuff.DAL\FoodStuff.DAL.csproj", "{EF5C565C-6761-4691-AF45-16B073E5B2A9}"
EndProject
Project("{9A19103F-16F7-4668-BE54-9A1E7A4F7556}") = "FoodStuff.Service", "FoodStuff.Service\FoodStuff.Service.csproj", "{5032A694-B4F6-41BC-B33D-2682359F022C}"
EndProject
Global
	GlobalSection(SolutionConfigurationPlatforms) = preSolution
		Debug|Any CPU = Debug|Any CPU
		Release|Any CPU = Release|Any CPU
	EndGlobalSection
	GlobalSection(ProjectConfigurationPlatforms) = postSolution
		{F2790D80-0222-49A1-A703-3569B98683AE}.Debug|Any CPU.ActiveCfg = Debug|Any CPU
		{F2790D80-0222-49A1-A703-3569B98683AE}.Debug|Any CPU.Build.0 = Debug|Any CPU
		{F2790D80-0222-49A1-A703-3569B98683AE}.Release|Any CPU.ActiveCfg = Release|Any CPU
		{F2790D80-0222-49A1-A703-3569B98683AE}.Release|Any CPU.Build.0 = Release|Any CPU
		{8F612154-1436-4560-A4A2-01D5F50AF7FA}.Debug|Any CPU.ActiveCfg = Debug|Any CPU
		{8F612154-1436-4560-A4A2-01D5F50AF7FA}.Debug|Any CPU.Build.0 = Debug|Any CPU
		{8F612154-1436-4560-A4A2-01D5F50AF7FA}.Release|Any CPU.ActiveCfg = Release|Any CPU
		{8F612154-1436-4560-A4A2-01D5F50AF7FA}.Release|Any CPU.Build.0 = Release|Any CPU
		{EF5C565C-6761-4691-AF45-16B073E5B2A9}.Debug|Any CPU.ActiveCfg = Debug|Any CPU
		{EF5C565C-6761-4691-AF45-16B073E5B2A9}.Debug|Any CPU.Build.0 = Debug|Any CPU
		{EF5C565C-6761-4691-AF45-16B073E5B2A9}.Release|Any CPU.ActiveCfg = Release|Any CPU
		{EF5C565C-6761-4691-AF45-16B073E5B2A9}.Release|Any CPU.Build.0 = Release|Any CPU
		{5032A694-B4F6-41BC-B33D-2682359F022C}.Debug|Any CPU.ActiveCfg = Debug|Any CPU
		{5032A694-B4F6-41BC-B33D-2682359F022C}.Debug|Any CPU.Build.0 = Debug|Any CPU
		{5032A694-B4F6-41BC-B33D-2682359F022C}.Release|Any CPU.ActiveCfg = Release|Any CPU
		{5032A694-B4F6-41BC-B33D-2682359F022C}.Release|Any CPU.Build.0 = Release|Any CPU
	EndGlobalSection
	GlobalSection(SolutionProperties) = preSolution
		HideSolutionNode = FALSE
	EndGlobalSection
	GlobalSection(NestedProjects) = preSolution
		{345F1C0D-68B8-4187-A9A1-93A7B3F32EBF} = {00E37210-59C4-4EE6-9F3C-F2FEA44FAD03}
		{A0EA9A02-4387-4461-9154-491632DDB990} = {00E37210-59C4-4EE6-9F3C-F2FEA44FAD03}
		{4FC7D13E-0629-4C67-9377-1A8DDCF4E009} = {00E37210-59C4-4EE6-9F3C-F2FEA44FAD03}
		{F9E5E86B-CFDA-4030-B476-23F3E67B8116} = {00E37210-59C4-4EE6-9F3C-F2FEA44FAD03}
		{6621E235-E8E3-49A3-AC6F-395EE328D869} = {00E37210-59C4-4EE6-9F3C-F2FEA44FAD03}
		{4C748735-1F2F-4AB3-9C93-ED958F09FD68} = {21F568FE-F29D-4D72-AA7E-8829393C14CA}
		{A053FA3D-5FA7-4223-8F1B-637BB4C3460D} = {21F568FE-F29D-4D72-AA7E-8829393C14CA}
		{E0A96203-4EF9-49AF-848C-A1F39CE7A815} = {21F568FE-F29D-4D72-AA7E-8829393C14CA}
		{F2790D80-0222-49A1-A703-3569B98683AE} = {A0EA9A02-4387-4461-9154-491632DDB990}
		{8F612154-1436-4560-A4A2-01D5F50AF7FA} = {4FC7D13E-0629-4C67-9377-1A8DDCF4E009}
		{EF5C565C-6761-4691-AF45-16B073E5B2A9} = {6621E235-E8E3-49A3-AC6F-395EE328D869}
		{5032A694-B4F6-41BC-B33D-2682359F022C} = {F9E5E86B-CFDA-4030-B476-23F3E67B8116}
	EndGlobalSection
	GlobalSection(ExtensibilityGlobals) = postSolution
		SolutionGuid = {72628317-6405-45E5-B289-3A159294998E}
	EndGlobalSection
EndGlobal
